// !$*UTF8*$!
{
	archiveVersion = 1;
	classes = {
	};
	objectVersion = 50;
	objects = {

/* Begin PBXBuildFile section */
		CC570F7B24B7077700609657 /* MessageModel.swift in Sources */ = {isa = PBXBuildFile; fileRef = CC570F7A24B7077700609657 /* MessageModel.swift */; };
		CC570F7D24B7165100609657 /* LoginViewController.swift in Sources */ = {isa = PBXBuildFile; fileRef = CC570F7C24B7165100609657 /* LoginViewController.swift */; };
		CC68C45D24B7018B00565361 /* AppDelegate.swift in Sources */ = {isa = PBXBuildFile; fileRef = CC68C45C24B7018B00565361 /* AppDelegate.swift */; };
		CC68C45F24B7018B00565361 /* SceneDelegate.swift in Sources */ = {isa = PBXBuildFile; fileRef = CC68C45E24B7018B00565361 /* SceneDelegate.swift */; };
		CC68C46124B7018B00565361 /* CharBotViewController.swift in Sources */ = {isa = PBXBuildFile; fileRef = CC68C46024B7018B00565361 /* CharBotViewController.swift */; };
		CC68C46424B7018B00565361 /* Main.storyboard in Resources */ = {isa = PBXBuildFile; fileRef = CC68C46224B7018B00565361 /* Main.storyboard */; };
		CC68C46624B701F100565361 /* Assets.xcassets in Resources */ = {isa = PBXBuildFile; fileRef = CC68C46524B701F100565361 /* Assets.xcassets */; };
		CC68C46924B701F100565361 /* LaunchScreen.storyboard in Resources */ = {isa = PBXBuildFile; fileRef = CC68C46724B701F100565361 /* LaunchScreen.storyboard */; };
/* End PBXBuildFile section */

/* Begin PBXFileReference section */
		CC570F7A24B7077700609657 /* MessageModel.swift */ = {isa = PBXFileReference; lastKnownFileType = sourcecode.swift; path = MessageModel.swift; sourceTree = "<group>"; };
		CC570F7C24B7165100609657 /* LoginViewController.swift */ = {isa = PBXFileReference; lastKnownFileType = sourcecode.swift; path = LoginViewController.swift; sourceTree = "<group>"; };
		CC68C45924B7018B00565361 /* HomingPigeon.app */ = {isa = PBXFileReference; explicitFileType = wrapper.application; includeInIndex = 0; path = HomingPigeon.app; sourceTree = BUILT_PRODUCTS_DIR; };
		CC68C45C24B7018B00565361 /* AppDelegate.swift */ = {isa = PBXFileReference; lastKnownFileType = sourcecode.swift; path = AppDelegate.swift; sourceTree = "<group>"; };
		CC68C45E24B7018B00565361 /* SceneDelegate.swift */ = {isa = PBXFileReference; lastKnownFileType = sourcecode.swift; path = SceneDelegate.swift; sourceTree = "<group>"; };
		CC68C46024B7018B00565361 /* CharBotViewController.swift */ = {isa = PBXFileReference; lastKnownFileType = sourcecode.swift; path = CharBotViewController.swift; sourceTree = "<group>"; };
		CC68C46324B7018B00565361 /* Base */ = {isa = PBXFileReference; lastKnownFileType = file.storyboard; name = Base; path = Base.lproj/Main.storyboard; sourceTree = "<group>"; };
		CC68C46524B701F100565361 /* Assets.xcassets */ = {isa = PBXFileReference; lastKnownFileType = folder.assetcatalog; path = Assets.xcassets; sourceTree = "<group>"; };
		CC68C46824B701F100565361 /* Base */ = {isa = PBXFileReference; lastKnownFileType = file.storyboard; name = Base; path = Base.lproj/LaunchScreen.storyboard; sourceTree = "<group>"; };
		CC68C46A24B701F100565361 /* Info.plist */ = {isa = PBXFileReference; lastKnownFileType = text.plist.xml; path = Info.plist; sourceTree = "<group>"; };
/* End PBXFileReference section */

/* Begin PBXFrameworksBuildPhase section */
		CC68C45624B7018B00565361 /* Frameworks */ = {
			isa = PBXFrameworksBuildPhase;
			buildActionMask = 2147483647;
			files = (
			);
			runOnlyForDeploymentPostprocessing = 0;
		};
/* End PBXFrameworksBuildPhase section */

/* Begin PBXGroup section */
		CC68C45024B7018A00565361 = {
			isa = PBXGroup;
			children = (
				CC68C45B24B7018B00565361 /* HomingPigeon */,
				CC68C45A24B7018B00565361 /* Products */,
			);
			sourceTree = "<group>";
		};
		CC68C45A24B7018B00565361 /* Products */ = {
			isa = PBXGroup;
			children = (
				CC68C45924B7018B00565361 /* HomingPigeon.app */,
			);
			name = Products;
			sourceTree = "<group>";
		};
		CC68C45B24B7018B00565361 /* HomingPigeon */ = {
			isa = PBXGroup;
			children = (
				CC68C45C24B7018B00565361 /* AppDelegate.swift */,
				CC68C45E24B7018B00565361 /* SceneDelegate.swift */,
				CC68C46024B7018B00565361 /* CharBotViewController.swift */,
				CC68C46224B7018B00565361 /* Main.storyboard */,
				CC68C46524B701F100565361 /* Assets.xcassets */,
				CC68C46724B701F100565361 /* LaunchScreen.storyboard */,
				CC68C46A24B701F100565361 /* Info.plist */,
				CC570F7A24B7077700609657 /* MessageModel.swift */,
				CC570F7C24B7165100609657 /* LoginViewController.swift */,
			);
			path = HomingPigeon;
			sourceTree = "<group>";
		};
/* End PBXGroup section */

/* Begin PBXNativeTarget section */
		CC68C45824B7018B00565361 /* HomingPigeon */ = {
			isa = PBXNativeTarget;
			buildConfigurationList = CC68C46D24B701F100565361 /* Build configuration list for PBXNativeTarget "HomingPigeon" */;
			buildPhases = (
				CC68C45524B7018B00565361 /* Sources */,
				CC68C45624B7018B00565361 /* Frameworks */,
				CC68C45724B7018B00565361 /* Resources */,
			);
			buildRules = (
			);
			dependencies = (
			);
			name = HomingPigeon;
			productName = HomingPigeon;
			productReference = CC68C45924B7018B00565361 /* HomingPigeon.app */;
			productType = "com.apple.product-type.application";
		};
/* End PBXNativeTarget section */

/* Begin PBXProject section */
		CC68C45124B7018A00565361 /* Project object */ = {
			isa = PBXProject;
			attributes = {
				LastSwiftUpdateCheck = 1130;
				LastUpgradeCheck = 1130;
				ORGANIZATIONNAME = fr.exo.mds.eamarelo;
				TargetAttributes = {
					CC68C45824B7018B00565361 = {
						CreatedOnToolsVersion = 11.3;
					};
				};
			};
			buildConfigurationList = CC68C45424B7018B00565361 /* Build configuration list for PBXProject "HomingPigeon" */;
			compatibilityVersion = "Xcode 9.3";
			developmentRegion = en;
			hasScannedForEncodings = 0;
			knownRegions = (
				en,
				Base,
			);
			mainGroup = CC68C45024B7018A00565361;
			productRefGroup = CC68C45A24B7018B00565361 /* Products */;
			projectDirPath = "";
			projectRoot = "";
			targets = (
				CC68C45824B7018B00565361 /* HomingPigeon */,
			);
		};
/* End PBXProject section */

/* Begin PBXResourcesBuildPhase section */
		CC68C45724B7018B00565361 /* Resources */ = {
			isa = PBXResourcesBuildPhase;
			buildActionMask = 2147483647;
			files = (
				CC68C46924B701F100565361 /* LaunchScreen.storyboard in Resources */,
				CC68C46624B701F100565361 /* Assets.xcassets in Resources */,
				CC68C46424B7018B00565361 /* Main.storyboard in Resources */,
			);
			runOnlyForDeploymentPostprocessing = 0;
		};
/* End PBXResourcesBuildPhase section */

/* Begin PBXSourcesBuildPhase section */
		CC68C45524B7018B00565361 /* Sources */ = {
			isa = PBXSourcesBuildPhase;
			buildActionMask = 2147483647;
			files = (
				CC68C46124B7018B00565361 /* CharBotViewController.swift in Sources */,
				CC68C45D24B7018B00565361 /* AppDelegate.swift in Sources */,
				CC68C45F24B7018B00565361 /* SceneDelegate.swift in Sources */,
				CC570F7D24B7165100609657 /* LoginViewController.swift in Sources */,
				CC570F7B24B7077700609657 /* MessageModel.swift in Sources */,
			);
			runOnlyForDeploymentPostprocessing = 0;
		};
/* End PBXSourcesBuildPhase section */

/* Begin PBXVariantGroup section */
		CC68C46224B7018B00565361 /* Main.storyboard */ = {
			isa = PBXVariantGroup;
			children = (
				CC68C46324B7018B00565361 /* Base */,
			);
			name = Main.storyboard;
			sourceTree = "<group>";
		};
		CC68C46724B701F100565361 /* LaunchScreen.storyboard */ = {
			isa = PBXVariantGroup;
			children = (
				CC68C46824B701F100565361 /* Base */,
			);
			name = LaunchScreen.storyboard;
			sourceTree = "<group>";
		};
/* End PBXVariantGroup section */

/* Begin XCBuildConfiguration section */
		CC68C46B24B701F100565361 /* Debug */ = {
			isa = XCBuildConfiguration;
			buildSettings = {
				ALWAYS_SEARCH_USER_PATHS = NO;
				CLANG_ANALYZER_NONNULL = YES;
				CLANG_ANALYZER_NUMBER_OBJECT_CONVERSION = YES_AGGRESSIVE;
				CLANG_CXX_LANGUAGE_STANDARD = "gnu++14";
				CLANG_CXX_LIBRARY = "libc++";
				CLANG_ENABLE_MODULES = YES;
				CLANG_ENABLE_OBJC_ARC = YES;
				CLANG_ENABLE_OBJC_WEAK = YES;
				CLANG_WARN_BLOCK_CAPTURE_AUTORELEASING = YES;
				CLANG_WARN_BOOL_CONVERSION = YES;
				CLANG_WARN_COMMA = YES;
				CLANG_WARN_CONSTANT_CONVERSION = YES;
				CLANG_WARN_DEPRECATED_OBJC_IMPLEMENTATIONS = YES;
				CLANG_WARN_DIRECT_OBJC_ISA_USAGE = YES_ERROR;
				CLANG_WARN_DOCUMENTATION_COMMENTS = YES;
				CLANG_WARN_EMPTY_BODY = YES;
				CLANG_WARN_ENUM_CONVERSION = YES;
				CLANG_WARN_INFINITE_RECURSION = YES;
				CLANG_WARN_INT_CONVERSION = YES;
				CLANG_WARN_NON_LITERAL_NULL_CONVERSION = YES;
				CLANG_WARN_OBJC_IMPLICIT_RETAIN_SELF = YES;
				CLANG_WARN_OBJC_LITERAL_CONVERSION = YES;
				CLANG_WARN_OBJC_ROOT_CLASS = YES_ERROR;
				CLANG_WARN_RANGE_LOOP_ANALYSIS = YES;
				CLANG_WARN_STRICT_PROTOTYPES = YES;
				CLANG_WARN_SUSPICIOUS_MOVE = YES;
				CLANG_WARN_UNGUARDED_AVAILABILITY = YES_AGGRESSIVE;
				CLANG_WARN_UNREACHABLE_CODE = YES;
				CLANG_WARN__DUPLICATE_METHOD_MATCH = YES;
				COPY_PHASE_STRIP = NO;
				DEBUG_INFORMATION_FORMAT = dwarf;
				ENABLE_STRICT_OBJC_MSGSEND = YES;
				ENABLE_TESTABILITY = YES;
				GCC_C_LANGUAGE_STANDARD = gnu11;
				GCC_DYNAMIC_NO_PIC = NO;
				GCC_NO_COMMON_BLOCKS = YES;
				GCC_OPTIMIZATION_LEVEL = 0;
				GCC_PREPROCESSOR_DEFINITIONS = (
					"DEBUG=1",
					"$(inherited)",
				);
				GCC_WARN_64_TO_32_BIT_CONVERSION = YES;
				GCC_WARN_ABOUT_RETURN_TYPE = YES_ERROR;
				GCC_WARN_UNDECLARED_SELECTOR = YES;
				GCC_WARN_UNINITIALIZED_AUTOS = YES_AGGRESSIVE;
				GCC_WARN_UNUSED_FUNCTION = YES;
				GCC_WARN_UNUSED_VARIABLE = YES;
				IPHONEOS_DEPLOYMENT_TARGET = 13.2;
				MTL_ENABLE_DEBUG_INFO = INCLUDE_SOURCE;
				MTL_FAST_MATH = YES;
				ONLY_ACTIVE_ARCH = YES;
				SDKROOT = iphoneos;
				SWIFT_ACTIVE_COMPILATION_CONDITIONS = DEBUG;
				SWIFT_OPTIMIZATION_LEVEL = "-Onone";
			};
			name = Debug;
		};
		CC68C46C24B701F100565361 /* Release */ = {
			isa = XCBuildConfiguration;
			buildSettings = {
				ALWAYS_SEARCH_USER_PATHS = NO;
				CLANG_ANALYZER_NONNULL = YES;
				CLANG_ANALYZER_NUMBER_OBJECT_CONVERSION = YES_AGGRESSIVE;
				CLANG_CXX_LANGUAGE_STANDARD = "gnu++14";
				CLANG_CXX_LIBRARY = "libc++";
				CLANG_ENABLE_MODULES = YES;
				CLANG_ENABLE_OBJC_ARC = YES;
				CLANG_ENABLE_OBJC_WEAK = YES;
				CLANG_WARN_BLOCK_CAPTURE_AUTORELEASING = YES;
				CLANG_WARN_BOOL_CONVERSION = YES;
				CLANG_WARN_COMMA = YES;
				CLANG_WARN_CONSTANT_CONVERSION = YES;
				CLANG_WARN_DEPRECATED_OBJC_IMPLEMENTATIONS = YES;
				CLANG_WARN_DIRECT_OBJC_ISA_USAGE = YES_ERROR;
				CLANG_WARN_DOCUMENTATION_COMMENTS = YES;
				CLANG_WARN_EMPTY_BODY = YES;
				CLANG_WARN_ENUM_CONVERSION = YES;
				CLANG_WARN_INFINITE_RECURSION = YES;
				CLANG_WARN_INT_CONVERSION = YES;
				CLANG_WARN_NON_LITERAL_NULL_CONVERSION = YES;
				CLANG_WARN_OBJC_IMPLICIT_RETAIN_SELF = YES;
				CLANG_WARN_OBJC_LITERAL_CONVERSION = YES;
				CLANG_WARN_OBJC_ROOT_CLASS = YES_ERROR;
				CLANG_WARN_RANGE_LOOP_ANALYSIS = YES;
				CLANG_WARN_STRICT_PROTOTYPES = YES;
				CLANG_WARN_SUSPICIOUS_MOVE = YES;
				CLANG_WARN_UNGUARDED_AVAILABILITY = YES_AGGRESSIVE;
				CLANG_WARN_UNREACHABLE_CODE = YES;
				CLANG_WARN__DUPLICATE_METHOD_MATCH = YES;
				COPY_PHASE_STRIP = NO;
				DEBUG_INFORMATION_FORMAT = "dwarf-with-dsym";
				ENABLE_NS_ASSERTIONS = NO;
				ENABLE_STRICT_OBJC_MSGSEND = YES;
				GCC_C_LANGUAGE_STANDARD = gnu11;
				GCC_NO_COMMON_BLOCKS = YES;
				GCC_WARN_64_TO_32_BIT_CONVERSION = YES;
				GCC_WARN_ABOUT_RETURN_TYPE = YES_ERROR;
				GCC_WARN_UNDECLARED_SELECTOR = YES;
				GCC_WARN_UNINITIALIZED_AUTOS = YES_AGGRESSIVE;
				GCC_WARN_UNUSED_FUNCTION = YES;
				GCC_WARN_UNUSED_VARIABLE = YES;
				IPHONEOS_DEPLOYMENT_TARGET = 13.2;
				MTL_ENABLE_DEBUG_INFO = NO;
				MTL_FAST_MATH = YES;
				SDKROOT = iphoneos;
				SWIFT_COMPILATION_MODE = wholemodule;
				SWIFT_OPTIMIZATION_LEVEL = "-O";
				VALIDATE_PRODUCT = YES;
			};
			name = Release;
		};
		CC68C46E24B701F100565361 /* Debug */ = {
			isa = XCBuildConfiguration;
			buildSettings = {
				ASSETCATALOG_COMPILER_APPICON_NAME = AppIcon;
				CODE_SIGN_STYLE = Automatic;
				DEVELOPMENT_TEAM = 3X63UU5B9G;
				INFOPLIST_FILE = HomingPigeon/Info.plist;
				LD_RUNPATH_SEARCH_PATHS = (
					"$(inherited)",
					"@executable_path/Frameworks",
				);
				PRODUCT_BUNDLE_IDENTIFIER = fr.exo.mds.eamarelo.HomingPigeon;
				PRODUCT_NAME = "$(TARGET_NAME)";
				SWIFT_VERSION = 5.0;
				TARGETED_DEVICE_FAMILY = "1,2";
			};
			name = Debug;
		};
		CC68C46F24B701F100565361 /* Release */ = {
			isa = XCBuildConfiguration;
			buildSettings = {
				ASSETCATALOG_COMPILER_APPICON_NAME = AppIcon;
				CODE_SIGN_STYLE = Automatic;
				DEVELOPMENT_TEAM = 3X63UU5B9G;
				INFOPLIST_FILE = HomingPigeon/Info.plist;
				LD_RUNPATH_SEARCH_PATHS = (
					"$(inherited)",
					"@executable_path/Frameworks",
				);
				PRODUCT_BUNDLE_IDENTIFIER = fr.exo.mds.eamarelo.HomingPigeon;
				PRODUCT_NAME = "$(TARGET_NAME)";
				SWIFT_VERSION = 5.0;
				TARGETED_DEVICE_FAMILY = "1,2";
			};
			name = Release;
		};
/* End XCBuildConfiguration section */

/* Begin XCConfigurationList section */
		CC68C45424B7018B00565361 /* Build configuration list for PBXProject "HomingPigeon" */ = {
			isa = XCConfigurationList;
			buildConfigurations = (
				CC68C46B24B701F100565361 /* Debug */,
				CC68C46C24B701F100565361 /* Release */,
			);
			defaultConfigurationIsVisible = 0;
			defaultConfigurationName = Release;
		};
		CC68C46D24B701F100565361 /* Build configuration list for PBXNativeTarget "HomingPigeon" */ = {
			isa = XCConfigurationList;
			buildConfigurations = (
				CC68C46E24B701F100565361 /* Debug */,
				CC68C46F24B701F100565361 /* Release */,
			);
			defaultConfigurationIsVisible = 0;
			defaultConfigurationName = Release;
		};
/* End XCConfigurationList section */
	};
	rootObject = CC68C45124B7018A00565361 /* Project object */;
}
